<?xml version="1.0" encoding="utf-8"?>
<Project ToolsVersion="4.0" xmlns="http://schemas.microsoft.com/developer/msbuild/2003">
  <ItemGroup>
    <Filter Include="源文件">
      <UniqueIdentifier>{4FC737F1-C7A5-4376-A066-2A32D752A2FF}</UniqueIdentifier>
      <Extensions>cpp;c;cc;cxx;c++;cppm;ixx;def;odl;idl;hpj;bat;asm;asmx</Extensions>
    </Filter>
    <Filter Include="头文件">
      <UniqueIdentifier>{93995380-89BD-4b04-88EB-625FBE52EBFB}</UniqueIdentifier>
      <Extensions>h;hh;hpp;hxx;h++;hm;inl;inc;ipp;xsd</Extensions>
    </Filter>
    <Filter Include="资源文件">
      <UniqueIdentifier>{67DA6AB6-F800-4c08-8B7A-83BB121AAD01}</UniqueIdentifier>
      <Extensions>rc;ico;cur;bmp;dlg;rc2;rct;bin;rgs;gif;jpg;jpeg;jpe;resx;tiff;tif;png;wav;mfcribbon-ms</Extensions>
    </Filter>
  </ItemGroup>
  <ItemGroup>
    <ClInclude Include="..\res\resource.h">
      <Filter>头文件</Filter>
    </ClInclude>
    <ClInclude Include="..\src\minesweeper_defines.h">
      <Filter>头文件</Filter>
    </ClInclude>
    <ClInclude Include="..\src\minesweeper_game.h">
      <Filter>头文件</Filter>
    </ClInclude>
    <ClInclude Include="..\src\minesweeper_support.h">
      <Filter>头文件</Filter>
    </ClInclude>
  </ItemGroup>
  <ItemGroup>
    <ClCompile Include="..\src\minesweeper_game.cpp">
      <Filter>源文件</Filter>
    </ClCompile>
    <ClCompile Include="..\src\minesweeper_main.cpp">
      <Filter>源文件</Filter>
    </ClCompile>
    <ClCompile Include="..\src\minesweeper_support.cpp">
      <Filter>源文件</Filter>
    </ClCompile>
  </ItemGroup>
  <ItemGroup>
    <Image Include="..\res\Click.bmp">
      <Filter>资源文件</Filter>
    </Image>
    <Image Include="..\res\Fail.bmp">
      <Filter>资源文件</Filter>
    </Image>
    <Image Include="..\res\num0.bmp">
      <Filter>资源文件</Filter>
    </Image>
    <Image Include="..\res\num1.bmp">
      <Filter>资源文件</Filter>
    </Image>
    <Image Include="..\res\num2.bmp">
      <Filter>资源文件</Filter>
    </Image>
    <Image Include="..\res\num3.bmp">
      <Filter>资源文件</Filter>
    </Image>
    <Image Include="..\res\num4.bmp">
      <Filter>资源文件</Filter>
    </Image>
    <Image Include="..\res\num5.bmp">
      <Filter>资源文件</Filter>
    </Image>
    <Image Include="..\res\num6.bmp">
      <Filter>资源文件</Filter>
    </Image>
    <Image Include="..\res\num7.bmp">
      <Filter>资源文件</Filter>
    </Image>
    <Image Include="..\res\num8.bmp">
      <Filter>资源文件</Filter>
    </Image>
    <Image Include="..\res\num9.bmp">
      <Filter>资源文件</Filter>
    </Image>
    <Image Include="..\res\numminus.bmp">
      <Filter>资源文件</Filter>
    </Image>
    <Image Include="..\res\ResetButton.bmp">
      <Filter>资源文件</Filter>
    </Image>
    <Image Include="..\res\Success.bmp">
      <Filter>资源文件</Filter>
    </Image>
    <Image Include="..\res\unit.bmp">
      <Filter>资源文件</Filter>
    </Image>
    <Image Include="..\res\unit1.bmp">
      <Filter>资源文件</Filter>
    </Image>
    <Image Include="..\res\unit2.bmp">
      <Filter>资源文件</Filter>
    </Image>
    <Image Include="..\res\unit3.bmp">
      <Filter>资源文件</Filter>
    </Image>
    <Image Include="..\res\unit4.bmp">
      <Filter>资源文件</Filter>
    </Image>
    <Image Include="..\res\unit5.bmp">
      <Filter>资源文件</Filter>
    </Image>
    <Image Include="..\res\unit6.bmp">
      <Filter>资源文件</Filter>
    </Image>
    <Image Include="..\res\unit7.bmp">
      <Filter>资源文件</Filter>
    </Image>
    <Image Include="..\res\unit8.bmp">
      <Filter>资源文件</Filter>
    </Image>
    <Image Include="..\res\unitbomb.bmp">
      <Filter>资源文件</Filter>
    </Image>
    <Image Include="..\res\unitflag.bmp">
      <Filter>资源文件</Filter>
    </Image>
    <Image Include="..\res\unitmark.bmp">
      <Filter>资源文件</Filter>
    </Image>
    <Image Include="..\res\unitmarkdown.bmp">
      <Filter>资源文件</Filter>
    </Image>
    <Image Include="..\res\unitmine.bmp">
      <Filter>资源文件</Filter>
    </Image>
    <Image Include="..\res\unitnull.bmp">
      <Filter>资源文件</Filter>
    </Image>
    <Image Include="..\res\unitwrong.bmp">
      <Filter>资源文件</Filter>
    </Image>
  </ItemGroup>
  <ItemGroup>
    <ResourceCompile Include="..\res\Minesweeper_Resource.rc">
      <Filter>资源文件</Filter>
    </ResourceCompile>
  </ItemGroup>
</Project>